
Microsoft Visual Studio Solution File, Format Version 12.00
# Visual Studio Version 17
VisualStudioVersion = 17.7.34024.191
MinimumVisualStudioVersion = 10.0.40219.1
Project("{9A19103F-16F7-4668-BE54-9A1E7A4F7556}") = "Inventory", "Inventory\Inventory.csproj", "{5E0DFE95-D7F0-4B42-8CBB-7D5D426210D6}"
EndProject
Project("{9A19103F-16F7-4668-BE54-9A1E7A4F7556}") = "Reporting", "Reporting\Reporting.csproj", "{D0D67406-BFBA-48A9-9277-1B6A343B6B5D}"
EndProject
Project("{2150E333-8FDC-42A3-9474-1A3956D46DE8}") = "Schema", "Schema", "{1BC16A4C-E306-4B8B-903B-4D683E7C7DEA}"
	ProjectSection(SolutionItems) = preProject
		Create.sql = Create.sql
	EndProjectSection
EndProject
Global
	GlobalSection(SolutionConfigurationPlatforms) = preSolution
		Debug|Any CPU = Debug|Any CPU
		Release|Any CPU = Release|Any CPU
	EndGlobalSection
	GlobalSection(ProjectConfigurationPlatforms) = postSolution
		{5E0DFE95-D7F0-4B42-8CBB-7D5D426210D6}.Debug|Any CPU.ActiveCfg = Debug|Any CPU
		{5E0DFE95-D7F0-4B42-8CBB-7D5D426210D6}.Debug|Any CPU.Build.0 = Debug|Any CPU
		{5E0DFE95-D7F0-4B42-8CBB-7D5D426210D6}.Release|Any CPU.ActiveCfg = Release|Any CPU
		{5E0DFE95-D7F0-4B42-8CBB-7D5D426210D6}.Release|Any CPU.Build.0 = Release|Any CPU
		{D0D67406-BFBA-48A9-9277-1B6A343B6B5D}.Debug|Any CPU.ActiveCfg = Debug|Any CPU
		{D0D67406-BFBA-48A9-9277-1B6A343B6B5D}.Debug|Any CPU.Build.0 = Debug|Any CPU
		{D0D67406-BFBA-48A9-9277-1B6A343B6B5D}.Release|Any CPU.ActiveCfg = Release|Any CPU
		{D0D67406-BFBA-48A9-9277-1B6A343B6B5D}.Release|Any CPU.Build.0 = Release|Any CPU
	EndGlobalSection
	GlobalSection(SolutionProperties) = preSolution
		HideSolutionNode = FALSE
	EndGlobalSection
	GlobalSection(ExtensibilityGlobals) = postSolution
		SolutionGuid = {67C54824-8D9E-4C44-9DD7-8A10E602AB57}
	EndGlobalSection
EndGlobal
